{
  "name": "reproduction-issue-11143",
  "version": "1.0.0",
  "lockfileVersion": 2,
  "requires": true,
  "packages": {
    "": {
      "dependencies": {
        "xmldoc": "1.2.0"
      }
    },
    "node_modules/sax": {
      "version": "1.2.4",
      "resolved": "https://registry.npmjs.org/sax/-/sax-1.2.4.tgz",
      "integrity": "sha512-NqVDv9TpANUjFm0N8uM5GxL36UgKi9/atZw+x7YFnQ8ckwFGKrl4xX4yWtrey3UJm5nP1kUbnYgLopqWNSRhWw=="
    },
    "node_modules/xmldoc": {
      "version": "1.2.0",
      "resolved": "https://registry.npmjs.org/xmldoc/-/xmldoc-1.2.0.tgz",
      "integrity": "sha512-2eN8QhjBsMW2uVj7JHLHkMytpvGHLHxKXBy4J3fAT/HujsEtM6yU84iGjpESYGHg6XwK0Vu4l+KgqQ2dv2cCqg==",
      "dependencies": {
        "sax": "^1.2.4"
      }
    }
  },
  "dependencies": {
    "sax": {
      "version": "1.2.4",
      "resolved": "https://registry.npmjs.org/sax/-/sax-1.2.4.tgz",
      "integrity": "sha512-NqVDv9TpANUjFm0N8uM5GxL36UgKi9/atZw+x7YFnQ8ckwFGKrl4xX4yWtrey3UJm5nP1kUbnYgLopqWNSRhWw=="
    },
    "xmldoc": {
      "version": "1.2.0",
      "resolved": "https://registry.npmjs.org/xmldoc/-/xmldoc-1.2.0.tgz",
      "integrity": "sha512-2eN8QhjBsMW2uVj7JHLHkMytpvGHLHxKXBy4J3fAT/HujsEtM6yU84iGjpESYGHg6XwK0Vu4l+KgqQ2dv2cCqg==",
      "requires": {
        "sax": "^1.2.4"
      }
    }
  }
}
